
Microsoft Visual Studio Solution File, Format Version 12.00
# Visual Studio Version 16
VisualStudioVersion = 16.0.31205.134
MinimumVisualStudioVersion = 10.0.40219.1
Project("{FAE04EC0-301F-11D3-BF4B-00C04F79EFBC}") = "TwitterCopyApp", "TwitterCopyApp.csproj", "{A2677397-4958-4C51-816F-3B0AFE16EF0E}"
EndProject
Project("{FAE04EC0-301F-11D3-BF4B-00C04F79EFBC}") = "TwitterCopyApp.Models", "..\TwitterCopyApp.Models\TwitterCopyApp.Models.csproj", "{82D8453A-A19C-4CA4-BA4B-FB613A555298}"
EndProject
Project("{FAE04EC0-301F-11D3-BF4B-00C04F79EFBC}") = "TwitterCopyApp.DataAccess", "..\TwitterCopyApp.DataAccess\TwitterCopyApp.DataAccess.csproj", "{9D2736AC-23B8-4957-9647-12C4F2A0DD8E}"
EndProject
Project("{FAE04EC0-301F-11D3-BF4B-00C04F79EFBC}") = "TwitterCopyApp.Utility", "..\TwitterCopyApp.Utility\TwitterCopyApp.Utility.csproj", "{40B3AE48-FE42-405F-A2B9-9C70733BBF54}"
EndProject
Global
	GlobalSection(SolutionConfigurationPlatforms) = preSolution
		Debug|Any CPU = Debug|Any CPU
		Release|Any CPU = Release|Any CPU
	EndGlobalSection
	GlobalSection(ProjectConfigurationPlatforms) = postSolution
		{A2677397-4958-4C51-816F-3B0AFE16EF0E}.Debug|Any CPU.ActiveCfg = Debug|Any CPU
		{A2677397-4958-4C51-816F-3B0AFE16EF0E}.Debug|Any CPU.Build.0 = Debug|Any CPU
		{A2677397-4958-4C51-816F-3B0AFE16EF0E}.Release|Any CPU.ActiveCfg = Release|Any CPU
		{A2677397-4958-4C51-816F-3B0AFE16EF0E}.Release|Any CPU.Build.0 = Release|Any CPU
		{82D8453A-A19C-4CA4-BA4B-FB613A555298}.Debug|Any CPU.ActiveCfg = Debug|Any CPU
		{82D8453A-A19C-4CA4-BA4B-FB613A555298}.Debug|Any CPU.Build.0 = Debug|Any CPU
		{82D8453A-A19C-4CA4-BA4B-FB613A555298}.Release|Any CPU.ActiveCfg = Release|Any CPU
		{82D8453A-A19C-4CA4-BA4B-FB613A555298}.Release|Any CPU.Build.0 = Release|Any CPU
		{9D2736AC-23B8-4957-9647-12C4F2A0DD8E}.Debug|Any CPU.ActiveCfg = Debug|Any CPU
		{9D2736AC-23B8-4957-9647-12C4F2A0DD8E}.Debug|Any CPU.Build.0 = Debug|Any CPU
		{9D2736AC-23B8-4957-9647-12C4F2A0DD8E}.Release|Any CPU.ActiveCfg = Release|Any CPU
		{9D2736AC-23B8-4957-9647-12C4F2A0DD8E}.Release|Any CPU.Build.0 = Release|Any CPU
		{40B3AE48-FE42-405F-A2B9-9C70733BBF54}.Debug|Any CPU.ActiveCfg = Debug|Any CPU
		{40B3AE48-FE42-405F-A2B9-9C70733BBF54}.Debug|Any CPU.Build.0 = Debug|Any CPU
		{40B3AE48-FE42-405F-A2B9-9C70733BBF54}.Release|Any CPU.ActiveCfg = Release|Any CPU
		{40B3AE48-FE42-405F-A2B9-9C70733BBF54}.Release|Any CPU.Build.0 = Release|Any CPU
	EndGlobalSection
	GlobalSection(SolutionProperties) = preSolution
		HideSolutionNode = FALSE
	EndGlobalSection
	GlobalSection(ExtensibilityGlobals) = postSolution
		SolutionGuid = {A8CD174B-A2C0-4B61-9ECF-D8509B932FD5}
	EndGlobalSection
EndGlobal
